
Microsoft Visual Studio Solution File, Format Version 12.00
# Visual Studio Version 16
VisualStudioVersion = 16.0.31624.102
MinimumVisualStudioVersion = 10.0.40219.1
Project("{FAE04EC0-301F-11D3-BF4B-00C04F79EFBC}") = "PDFComparisionWindowsForm", "PDFComparisionWindowsForm\PDFComparisionWindowsForm.csproj", "{06D793FA-BCC2-49B7-8DC4-616E2BB1385D}"
EndProject
Global
	GlobalSection(SolutionConfigurationPlatforms) = preSolution
		Debug|Any CPU = Debug|Any CPU
		Release|Any CPU = Release|Any CPU
	EndGlobalSection
	GlobalSection(ProjectConfigurationPlatforms) = postSolution
		{06D793FA-BCC2-49B7-8DC4-616E2BB1385D}.Debug|Any CPU.ActiveCfg = Debug|Any CPU
		{06D793FA-BCC2-49B7-8DC4-616E2BB1385D}.Debug|Any CPU.Build.0 = Debug|Any CPU
		{06D793FA-BCC2-49B7-8DC4-616E2BB1385D}.Release|Any CPU.ActiveCfg = Release|Any CPU
		{06D793FA-BCC2-49B7-8DC4-616E2BB1385D}.Release|Any CPU.Build.0 = Release|Any CPU
	EndGlobalSection
	GlobalSection(SolutionProperties) = preSolution
		HideSolutionNode = FALSE
	EndGlobalSection
	GlobalSection(ExtensibilityGlobals) = postSolution
		SolutionGuid = {5203D4E5-FEC0-408E-8AD5-64C71938B2F0}
	EndGlobalSection
EndGlobal
